
Microsoft Visual Studio Solution File, Format Version 12.00
Project("{2150E333-8FDC-42A3-9474-1A3956D46DE8}") = "src", "src", "{4BDA1BBC-2F98-4DB0-81DA-C3C6D8D0BF60}"
EndProject
Project("{2150E333-8FDC-42A3-9474-1A3956D46DE8}") = "tests", "tests", "{C83CEBF9-04F0-47ED-B603-2F44B3BF278F}"
EndProject
Project("{2150E333-8FDC-42A3-9474-1A3956D46DE8}") = "common", "common", "{871C8705-24D6-456E-89FA-8F51C676B550}"
	ProjectSection(SolutionItems) = preProject
		Directory.Packages.props = Directory.Packages.props
		Directory.Build.props = Directory.Build.props
		.gitignore = .gitignore
	EndProjectSection
EndProject
Project("{2150E333-8FDC-42A3-9474-1A3956D46DE8}") = "lab-1", "lab-1", "{0DE9515F-3C74-443E-99A4-7BB640905204}"
EndProject
Project("{2150E333-8FDC-42A3-9474-1A3956D46DE8}") = "lab-1", "lab-1", "{99488C81-DE98-48EB-AC52-A5D3DD3A8092}"
EndProject
Project("{2150E333-8FDC-42A3-9474-1A3956D46DE8}") = "lab-2", "lab-2", "{32B94AB4-6B8A-47C8-95BE-B21604BFE6C4}"
	ProjectSection(SolutionItems) = preProject
		src\lab-2\docker-compose.yaml = src\lab-2\docker-compose.yaml
	EndProjectSection
EndProject
Project("{2150E333-8FDC-42A3-9474-1A3956D46DE8}") = "lab-3", "lab-3", "{FEB339FD-E3EA-43CA-BF27-90208DDA4CD1}"
EndProject
Project("{2150E333-8FDC-42A3-9474-1A3956D46DE8}") = "lab-4", "lab-4", "{7D572118-AEF1-42D4-A359-FA85886B8B5A}"
	ProjectSection(SolutionItems) = preProject
		src\lab-2\docker-compose.yaml = src\lab-2\docker-compose.yaml
	EndProjectSection
EndProject
Project("{2150E333-8FDC-42A3-9474-1A3956D46DE8}") = "lab-5", "lab-5", "{2FB2D737-260F-438E-BD82-BF66D2D3348C}"
EndProject
Project("{2150E333-8FDC-42A3-9474-1A3956D46DE8}") = "lab-2", "lab-2", "{8B8CBED8-2579-4794-BC32-367A2D35B89B}"
EndProject
Project("{2150E333-8FDC-42A3-9474-1A3956D46DE8}") = "lab-3", "lab-3", "{FC8A3CC4-2FAF-43C9-ACCB-70824CA18C9B}"
EndProject
Project("{2150E333-8FDC-42A3-9474-1A3956D46DE8}") = "lab-4", "lab-4", "{87D80FCF-EAFA-429B-92A4-FA53B7890D97}"
EndProject
Project("{2150E333-8FDC-42A3-9474-1A3956D46DE8}") = "lab-5", "lab-5", "{DC3E76C4-B2FB-4FBA-957A-C5BCA61C30A4}"
EndProject
Project("{FAE04EC0-301F-11D3-BF4B-00C04F79EFBC}") = "Task1", "src\lab-1\Task1\Task1.csproj", "{22267FA6-AD3D-48A2-9645-62E9D3671123}"
EndProject
Project("{FAE04EC0-301F-11D3-BF4B-00C04F79EFBC}") = "Task1.Tests", "tests\lab-1\Task1.Tests\Task1.Tests.csproj", "{6E28862B-8E5B-40F7-9781-B35352688233}"
EndProject
Project("{FAE04EC0-301F-11D3-BF4B-00C04F79EFBC}") = "Task2", "src\lab-1\Task2\Task2.csproj", "{B2889296-75D1-4C2A-B888-DAEA3C0353AF}"
EndProject
Project("{FAE04EC0-301F-11D3-BF4B-00C04F79EFBC}") = "Task3", "src\lab-1\Task3\Task3.csproj", "{3DA6A47E-7F84-4C8F-B225-B355E603B2E2}"
EndProject
Project("{FAE04EC0-301F-11D3-BF4B-00C04F79EFBC}") = "Task2.Tests", "tests\lab-1\Task2.Tests\Task2.Tests.csproj", "{E48AD7D1-DF9D-4E1E-84B2-883E1D15318F}"
EndProject
Project("{FAE04EC0-301F-11D3-BF4B-00C04F79EFBC}") = "Task3.Tests", "tests\lab-1\Task3.Tests\Task3.Tests.csproj", "{804BA37D-AE73-42A3-BC1A-C2EC1A01F7F4}"
EndProject
Project("{FAE04EC0-301F-11D3-BF4B-00C04F79EFBC}") = "Task1", "src\lab-2\Task1\Task1.csproj", "{E23978C1-7C25-44CE-B84B-063B2AFA0702}"
EndProject
Project("{FAE04EC0-301F-11D3-BF4B-00C04F79EFBC}") = "Task2", "src\lab-2\Task2\Task2.csproj", "{1E43EF5B-8C0F-48CA-AC71-37773BCE53B2}"
EndProject
Project("{FAE04EC0-301F-11D3-BF4B-00C04F79EFBC}") = "Task2.Tests", "tests\lab-2\Task2.Tests\Task2.Tests.csproj", "{3D190F4B-6C6F-4A5B-9B7B-DB956BD368E5}"
EndProject
Project("{FAE04EC0-301F-11D3-BF4B-00C04F79EFBC}") = "Task3", "src\lab-2\Task3\Task3.csproj", "{4DAC8859-4DBE-4BF4-B224-5EC3FB74F1AD}"
EndProject
Project("{FAE04EC0-301F-11D3-BF4B-00C04F79EFBC}") = "Task3.Application", "tests\lab-2\Task3.Application\Task3.Application.csproj", "{1D1CCDF4-729A-46B1-8CE8-B7911887FBBB}"
EndProject
Project("{FAE04EC0-301F-11D3-BF4B-00C04F79EFBC}") = "Lab3", "src\lab-3\Lab3\Lab3.csproj", "{6755730E-1CE9-42AA-805C-D2981206EF72}"
EndProject
Project("{FAE04EC0-301F-11D3-BF4B-00C04F79EFBC}") = "OrderService", "src\lab-4\OrderService\OrderService.csproj", "{D722A26F-C814-4DB8-A02F-C4FC26788A8E}"
EndProject
Project("{FAE04EC0-301F-11D3-BF4B-00C04F79EFBC}") = "Gateway", "src\lab-4\Gateway\Gateway.csproj", "{07285058-700E-4F0B-BC16-D6F837ADC05C}"
EndProject
Project("{FAE04EC0-301F-11D3-BF4B-00C04F79EFBC}") = "Library", "src\lab-4\Library\Library.csproj", "{065C59C2-2DE1-4DBA-9CBB-0904A0D3E4DA}"
EndProject
Project("{FAE04EC0-301F-11D3-BF4B-00C04F79EFBC}") = "Kafka", "src\lab-4\Kafka\Kafka.csproj", "{17068CE0-6374-4BF9-BE84-34896408D930}"
EndProject
Project("{FAE04EC0-301F-11D3-BF4B-00C04F79EFBC}") = "BasicImplementation", "src\lab-4\BasicImplementation\BasicImplementation.csproj", "{C38B87D4-3DF8-4970-AE94-EE115AF0FFAC}"
EndProject
Project("{2150E333-8FDC-42A3-9474-1A3956D46DE8}") = "Solution Items", "Solution Items", "{CC6D5FD7-B363-4942-AC06-EC3542B70BA8}"
	ProjectSection(SolutionItems) = preProject
		docker-compose.yml = docker-compose.yml
	EndProjectSection
EndProject
Global
	GlobalSection(SolutionConfigurationPlatforms) = preSolution
		Debug|Any CPU = Debug|Any CPU
		Release|Any CPU = Release|Any CPU
	EndGlobalSection
	GlobalSection(NestedProjects) = preSolution
		{0DE9515F-3C74-443E-99A4-7BB640905204} = {4BDA1BBC-2F98-4DB0-81DA-C3C6D8D0BF60}
		{99488C81-DE98-48EB-AC52-A5D3DD3A8092} = {C83CEBF9-04F0-47ED-B603-2F44B3BF278F}
		{32B94AB4-6B8A-47C8-95BE-B21604BFE6C4} = {4BDA1BBC-2F98-4DB0-81DA-C3C6D8D0BF60}
		{FEB339FD-E3EA-43CA-BF27-90208DDA4CD1} = {4BDA1BBC-2F98-4DB0-81DA-C3C6D8D0BF60}
		{7D572118-AEF1-42D4-A359-FA85886B8B5A} = {4BDA1BBC-2F98-4DB0-81DA-C3C6D8D0BF60}
		{2FB2D737-260F-438E-BD82-BF66D2D3348C} = {4BDA1BBC-2F98-4DB0-81DA-C3C6D8D0BF60}
		{8B8CBED8-2579-4794-BC32-367A2D35B89B} = {C83CEBF9-04F0-47ED-B603-2F44B3BF278F}
		{FC8A3CC4-2FAF-43C9-ACCB-70824CA18C9B} = {C83CEBF9-04F0-47ED-B603-2F44B3BF278F}
		{87D80FCF-EAFA-429B-92A4-FA53B7890D97} = {C83CEBF9-04F0-47ED-B603-2F44B3BF278F}
		{DC3E76C4-B2FB-4FBA-957A-C5BCA61C30A4} = {C83CEBF9-04F0-47ED-B603-2F44B3BF278F}
		{22267FA6-AD3D-48A2-9645-62E9D3671123} = {0DE9515F-3C74-443E-99A4-7BB640905204}
		{6E28862B-8E5B-40F7-9781-B35352688233} = {99488C81-DE98-48EB-AC52-A5D3DD3A8092}
		{B2889296-75D1-4C2A-B888-DAEA3C0353AF} = {0DE9515F-3C74-443E-99A4-7BB640905204}
		{3DA6A47E-7F84-4C8F-B225-B355E603B2E2} = {0DE9515F-3C74-443E-99A4-7BB640905204}
		{E48AD7D1-DF9D-4E1E-84B2-883E1D15318F} = {99488C81-DE98-48EB-AC52-A5D3DD3A8092}
		{804BA37D-AE73-42A3-BC1A-C2EC1A01F7F4} = {99488C81-DE98-48EB-AC52-A5D3DD3A8092}
		{E23978C1-7C25-44CE-B84B-063B2AFA0702} = {32B94AB4-6B8A-47C8-95BE-B21604BFE6C4}
		{1E43EF5B-8C0F-48CA-AC71-37773BCE53B2} = {32B94AB4-6B8A-47C8-95BE-B21604BFE6C4}
		{3D190F4B-6C6F-4A5B-9B7B-DB956BD368E5} = {8B8CBED8-2579-4794-BC32-367A2D35B89B}
		{4DAC8859-4DBE-4BF4-B224-5EC3FB74F1AD} = {32B94AB4-6B8A-47C8-95BE-B21604BFE6C4}
		{1D1CCDF4-729A-46B1-8CE8-B7911887FBBB} = {8B8CBED8-2579-4794-BC32-367A2D35B89B}
		{6755730E-1CE9-42AA-805C-D2981206EF72} = {FEB339FD-E3EA-43CA-BF27-90208DDA4CD1}
		{D722A26F-C814-4DB8-A02F-C4FC26788A8E} = {7D572118-AEF1-42D4-A359-FA85886B8B5A}
		{07285058-700E-4F0B-BC16-D6F837ADC05C} = {7D572118-AEF1-42D4-A359-FA85886B8B5A}
		{065C59C2-2DE1-4DBA-9CBB-0904A0D3E4DA} = {7D572118-AEF1-42D4-A359-FA85886B8B5A}
		{17068CE0-6374-4BF9-BE84-34896408D930} = {7D572118-AEF1-42D4-A359-FA85886B8B5A}
		{C38B87D4-3DF8-4970-AE94-EE115AF0FFAC} = {7D572118-AEF1-42D4-A359-FA85886B8B5A}
	EndGlobalSection
	GlobalSection(ProjectConfigurationPlatforms) = postSolution
		{22267FA6-AD3D-48A2-9645-62E9D3671123}.Debug|Any CPU.ActiveCfg = Debug|Any CPU
		{22267FA6-AD3D-48A2-9645-62E9D3671123}.Debug|Any CPU.Build.0 = Debug|Any CPU
		{22267FA6-AD3D-48A2-9645-62E9D3671123}.Release|Any CPU.ActiveCfg = Release|Any CPU
		{22267FA6-AD3D-48A2-9645-62E9D3671123}.Release|Any CPU.Build.0 = Release|Any CPU
		{6E28862B-8E5B-40F7-9781-B35352688233}.Debug|Any CPU.ActiveCfg = Debug|Any CPU
		{6E28862B-8E5B-40F7-9781-B35352688233}.Debug|Any CPU.Build.0 = Debug|Any CPU
		{6E28862B-8E5B-40F7-9781-B35352688233}.Release|Any CPU.ActiveCfg = Release|Any CPU
		{6E28862B-8E5B-40F7-9781-B35352688233}.Release|Any CPU.Build.0 = Release|Any CPU
		{B2889296-75D1-4C2A-B888-DAEA3C0353AF}.Debug|Any CPU.ActiveCfg = Debug|Any CPU
		{B2889296-75D1-4C2A-B888-DAEA3C0353AF}.Debug|Any CPU.Build.0 = Debug|Any CPU
		{B2889296-75D1-4C2A-B888-DAEA3C0353AF}.Release|Any CPU.ActiveCfg = Release|Any CPU
		{B2889296-75D1-4C2A-B888-DAEA3C0353AF}.Release|Any CPU.Build.0 = Release|Any CPU
		{3DA6A47E-7F84-4C8F-B225-B355E603B2E2}.Debug|Any CPU.ActiveCfg = Debug|Any CPU
		{3DA6A47E-7F84-4C8F-B225-B355E603B2E2}.Debug|Any CPU.Build.0 = Debug|Any CPU
		{3DA6A47E-7F84-4C8F-B225-B355E603B2E2}.Release|Any CPU.ActiveCfg = Release|Any CPU
		{3DA6A47E-7F84-4C8F-B225-B355E603B2E2}.Release|Any CPU.Build.0 = Release|Any CPU
		{E48AD7D1-DF9D-4E1E-84B2-883E1D15318F}.Debug|Any CPU.ActiveCfg = Debug|Any CPU
		{E48AD7D1-DF9D-4E1E-84B2-883E1D15318F}.Debug|Any CPU.Build.0 = Debug|Any CPU
		{E48AD7D1-DF9D-4E1E-84B2-883E1D15318F}.Release|Any CPU.ActiveCfg = Release|Any CPU
		{E48AD7D1-DF9D-4E1E-84B2-883E1D15318F}.Release|Any CPU.Build.0 = Release|Any CPU
		{804BA37D-AE73-42A3-BC1A-C2EC1A01F7F4}.Debug|Any CPU.ActiveCfg = Debug|Any CPU
		{804BA37D-AE73-42A3-BC1A-C2EC1A01F7F4}.Debug|Any CPU.Build.0 = Debug|Any CPU
		{804BA37D-AE73-42A3-BC1A-C2EC1A01F7F4}.Release|Any CPU.ActiveCfg = Release|Any CPU
		{804BA37D-AE73-42A3-BC1A-C2EC1A01F7F4}.Release|Any CPU.Build.0 = Release|Any CPU
		{E23978C1-7C25-44CE-B84B-063B2AFA0702}.Debug|Any CPU.ActiveCfg = Debug|Any CPU
		{E23978C1-7C25-44CE-B84B-063B2AFA0702}.Debug|Any CPU.Build.0 = Debug|Any CPU
		{E23978C1-7C25-44CE-B84B-063B2AFA0702}.Release|Any CPU.ActiveCfg = Release|Any CPU
		{E23978C1-7C25-44CE-B84B-063B2AFA0702}.Release|Any CPU.Build.0 = Release|Any CPU
		{1E43EF5B-8C0F-48CA-AC71-37773BCE53B2}.Debug|Any CPU.ActiveCfg = Debug|Any CPU
		{1E43EF5B-8C0F-48CA-AC71-37773BCE53B2}.Debug|Any CPU.Build.0 = Debug|Any CPU
		{1E43EF5B-8C0F-48CA-AC71-37773BCE53B2}.Release|Any CPU.ActiveCfg = Release|Any CPU
		{1E43EF5B-8C0F-48CA-AC71-37773BCE53B2}.Release|Any CPU.Build.0 = Release|Any CPU
		{3D190F4B-6C6F-4A5B-9B7B-DB956BD368E5}.Debug|Any CPU.ActiveCfg = Debug|Any CPU
		{3D190F4B-6C6F-4A5B-9B7B-DB956BD368E5}.Debug|Any CPU.Build.0 = Debug|Any CPU
		{3D190F4B-6C6F-4A5B-9B7B-DB956BD368E5}.Release|Any CPU.ActiveCfg = Release|Any CPU
		{3D190F4B-6C6F-4A5B-9B7B-DB956BD368E5}.Release|Any CPU.Build.0 = Release|Any CPU
		{4DAC8859-4DBE-4BF4-B224-5EC3FB74F1AD}.Debug|Any CPU.ActiveCfg = Debug|Any CPU
		{4DAC8859-4DBE-4BF4-B224-5EC3FB74F1AD}.Debug|Any CPU.Build.0 = Debug|Any CPU
		{4DAC8859-4DBE-4BF4-B224-5EC3FB74F1AD}.Release|Any CPU.ActiveCfg = Release|Any CPU
		{4DAC8859-4DBE-4BF4-B224-5EC3FB74F1AD}.Release|Any CPU.Build.0 = Release|Any CPU
		{1D1CCDF4-729A-46B1-8CE8-B7911887FBBB}.Debug|Any CPU.ActiveCfg = Debug|Any CPU
		{1D1CCDF4-729A-46B1-8CE8-B7911887FBBB}.Debug|Any CPU.Build.0 = Debug|Any CPU
		{1D1CCDF4-729A-46B1-8CE8-B7911887FBBB}.Release|Any CPU.ActiveCfg = Release|Any CPU
		{1D1CCDF4-729A-46B1-8CE8-B7911887FBBB}.Release|Any CPU.Build.0 = Release|Any CPU
		{6755730E-1CE9-42AA-805C-D2981206EF72}.Debug|Any CPU.ActiveCfg = Debug|Any CPU
		{6755730E-1CE9-42AA-805C-D2981206EF72}.Debug|Any CPU.Build.0 = Debug|Any CPU
		{6755730E-1CE9-42AA-805C-D2981206EF72}.Release|Any CPU.ActiveCfg = Release|Any CPU
		{6755730E-1CE9-42AA-805C-D2981206EF72}.Release|Any CPU.Build.0 = Release|Any CPU
		{D722A26F-C814-4DB8-A02F-C4FC26788A8E}.Debug|Any CPU.ActiveCfg = Debug|Any CPU
		{D722A26F-C814-4DB8-A02F-C4FC26788A8E}.Debug|Any CPU.Build.0 = Debug|Any CPU
		{D722A26F-C814-4DB8-A02F-C4FC26788A8E}.Release|Any CPU.ActiveCfg = Release|Any CPU
		{D722A26F-C814-4DB8-A02F-C4FC26788A8E}.Release|Any CPU.Build.0 = Release|Any CPU
		{07285058-700E-4F0B-BC16-D6F837ADC05C}.Debug|Any CPU.ActiveCfg = Debug|Any CPU
		{07285058-700E-4F0B-BC16-D6F837ADC05C}.Debug|Any CPU.Build.0 = Debug|Any CPU
		{07285058-700E-4F0B-BC16-D6F837ADC05C}.Release|Any CPU.ActiveCfg = Release|Any CPU
		{07285058-700E-4F0B-BC16-D6F837ADC05C}.Release|Any CPU.Build.0 = Release|Any CPU
		{065C59C2-2DE1-4DBA-9CBB-0904A0D3E4DA}.Debug|Any CPU.ActiveCfg = Debug|Any CPU
		{065C59C2-2DE1-4DBA-9CBB-0904A0D3E4DA}.Debug|Any CPU.Build.0 = Debug|Any CPU
		{065C59C2-2DE1-4DBA-9CBB-0904A0D3E4DA}.Release|Any CPU.ActiveCfg = Release|Any CPU
		{065C59C2-2DE1-4DBA-9CBB-0904A0D3E4DA}.Release|Any CPU.Build.0 = Release|Any CPU
		{17068CE0-6374-4BF9-BE84-34896408D930}.Debug|Any CPU.ActiveCfg = Debug|Any CPU
		{17068CE0-6374-4BF9-BE84-34896408D930}.Debug|Any CPU.Build.0 = Debug|Any CPU
		{17068CE0-6374-4BF9-BE84-34896408D930}.Release|Any CPU.ActiveCfg = Release|Any CPU
		{17068CE0-6374-4BF9-BE84-34896408D930}.Release|Any CPU.Build.0 = Release|Any CPU
		{C38B87D4-3DF8-4970-AE94-EE115AF0FFAC}.Debug|Any CPU.ActiveCfg = Debug|Any CPU
		{C38B87D4-3DF8-4970-AE94-EE115AF0FFAC}.Debug|Any CPU.Build.0 = Debug|Any CPU
		{C38B87D4-3DF8-4970-AE94-EE115AF0FFAC}.Release|Any CPU.ActiveCfg = Release|Any CPU
		{C38B87D4-3DF8-4970-AE94-EE115AF0FFAC}.Release|Any CPU.Build.0 = Release|Any CPU
	EndGlobalSection
EndGlobal
